// !$*UTF8*$!
{
	archiveVersion = 1;
	classes = {
	};
	objectVersion = 46;
	objects = {

/* Begin PBXBuildFile section */
		268E0E151E0BB55200679A41 /* SwiftOptic.h in Headers */ = {isa = PBXBuildFile; fileRef = 268E0E131E0BB55200679A41 /* SwiftOptic.h */; settings = {ATTRIBUTES = (Public, ); }; };
		2696F71D1E0BB6DB0060CA38 /* Tests.swift in Sources */ = {isa = PBXBuildFile; fileRef = 2696F71C1E0BB6DB0060CA38 /* Tests.swift */; };
		2696F71F1E0BB6DB0060CA38 /* SwiftOptic.framework in Frameworks */ = {isa = PBXBuildFile; fileRef = 268E0E101E0BB55200679A41 /* SwiftOptic.framework */; };
		2696F7261E0BB6F70060CA38 /* Iso.swift in Sources */ = {isa = PBXBuildFile; fileRef = 2696F7251E0BB6F70060CA38 /* Iso.swift */; };
/* End PBXBuildFile section */

/* Begin PBXContainerItemProxy section */
		2696F7201E0BB6DB0060CA38 /* PBXContainerItemProxy */ = {
			isa = PBXContainerItemProxy;
			containerPortal = 268E0E071E0BB55200679A41 /* Project object */;
			proxyType = 1;
			remoteGlobalIDString = 268E0E0F1E0BB55200679A41;
			remoteInfo = SwiftOptic;
		};
/* End PBXContainerItemProxy section */

/* Begin PBXFileReference section */
		268E0E101E0BB55200679A41 /* SwiftOptic.framework */ = {isa = PBXFileReference; explicitFileType = wrapper.framework; includeInIndex = 0; path = SwiftOptic.framework; sourceTree = BUILT_PRODUCTS_DIR; };
		268E0E131E0BB55200679A41 /* SwiftOptic.h */ = {isa = PBXFileReference; lastKnownFileType = sourcecode.c.h; path = SwiftOptic.h; sourceTree = "<group>"; };
		268E0E141E0BB55200679A41 /* Info.plist */ = {isa = PBXFileReference; lastKnownFileType = text.plist.xml; path = Info.plist; sourceTree = "<group>"; };
		2696F71A1E0BB6DB0060CA38 /* Tests.xctest */ = {isa = PBXFileReference; explicitFileType = wrapper.cfbundle; includeInIndex = 0; path = Tests.xctest; sourceTree = BUILT_PRODUCTS_DIR; };
		2696F71C1E0BB6DB0060CA38 /* Tests.swift */ = {isa = PBXFileReference; lastKnownFileType = sourcecode.swift; path = Tests.swift; sourceTree = "<group>"; };
		2696F71E1E0BB6DB0060CA38 /* Info.plist */ = {isa = PBXFileReference; lastKnownFileType = text.plist.xml; path = Info.plist; sourceTree = "<group>"; };
		2696F7251E0BB6F70060CA38 /* Iso.swift */ = {isa = PBXFileReference; fileEncoding = 4; lastKnownFileType = sourcecode.swift; path = Iso.swift; sourceTree = "<group>"; };
/* End PBXFileReference section */

/* Begin PBXFrameworksBuildPhase section */
		268E0E0C1E0BB55200679A41 /* Frameworks */ = {
			isa = PBXFrameworksBuildPhase;
			buildActionMask = 2147483647;
			files = (
			);
			runOnlyForDeploymentPostprocessing = 0;
		};
		2696F7171E0BB6DB0060CA38 /* Frameworks */ = {
			isa = PBXFrameworksBuildPhase;
			buildActionMask = 2147483647;
			files = (
				2696F71F1E0BB6DB0060CA38 /* SwiftOptic.framework in Frameworks */,
			);
			runOnlyForDeploymentPostprocessing = 0;
		};
/* End PBXFrameworksBuildPhase section */

/* Begin PBXGroup section */
		268E0E061E0BB55200679A41 = {
			isa = PBXGroup;
			children = (
				268E0E121E0BB55200679A41 /* SwiftOptic */,
				2696F71B1E0BB6DB0060CA38 /* Tests */,
				268E0E111E0BB55200679A41 /* Products */,
			);
			sourceTree = "<group>";
		};
		268E0E111E0BB55200679A41 /* Products */ = {
			isa = PBXGroup;
			children = (
				268E0E101E0BB55200679A41 /* SwiftOptic.framework */,
				2696F71A1E0BB6DB0060CA38 /* Tests.xctest */,
			);
			name = Products;
			sourceTree = "<group>";
		};
		268E0E121E0BB55200679A41 /* SwiftOptic */ = {
			isa = PBXGroup;
			children = (
				268E0E131E0BB55200679A41 /* SwiftOptic.h */,
				268E0E141E0BB55200679A41 /* Info.plist */,
				2696F7251E0BB6F70060CA38 /* Iso.swift */,
			);
			path = SwiftOptic;
			sourceTree = "<group>";
		};
		2696F71B1E0BB6DB0060CA38 /* Tests */ = {
			isa = PBXGroup;
			children = (
				2696F71C1E0BB6DB0060CA38 /* Tests.swift */,
				2696F71E1E0BB6DB0060CA38 /* Info.plist */,
			);
			path = Tests;
			sourceTree = "<group>";
		};
/* End PBXGroup section */

/* Begin PBXHeadersBuildPhase section */
		268E0E0D1E0BB55200679A41 /* Headers */ = {
			isa = PBXHeadersBuildPhase;
			buildActionMask = 2147483647;
			files = (
				268E0E151E0BB55200679A41 /* SwiftOptic.h in Headers */,
			);
			runOnlyForDeploymentPostprocessing = 0;
		};
/* End PBXHeadersBuildPhase section */

/* Begin PBXNativeTarget section */
		268E0E0F1E0BB55200679A41 /* SwiftOptic */ = {
			isa = PBXNativeTarget;
			buildConfigurationList = 268E0E181E0BB55200679A41 /* Build configuration list for PBXNativeTarget "SwiftOptic" */;
			buildPhases = (
				268E0E0B1E0BB55200679A41 /* Sources */,
				268E0E0C1E0BB55200679A41 /* Frameworks */,
				268E0E0D1E0BB55200679A41 /* Headers */,
				268E0E0E1E0BB55200679A41 /* Resources */,
			);
			buildRules = (
			);
			dependencies = (
			);
			name = SwiftOptic;
			productName = SwiftOptic;
			productReference = 268E0E101E0BB55200679A41 /* SwiftOptic.framework */;
			productType = "com.apple.product-type.framework";
		};
		2696F7191E0BB6DB0060CA38 /* Tests */ = {
			isa = PBXNativeTarget;
			buildConfigurationList = 2696F7241E0BB6DB0060CA38 /* Build configuration list for PBXNativeTarget "Tests" */;
			buildPhases = (
				2696F7161E0BB6DB0060CA38 /* Sources */,
				2696F7171E0BB6DB0060CA38 /* Frameworks */,
				2696F7181E0BB6DB0060CA38 /* Resources */,
			);
			buildRules = (
			);
			dependencies = (
				2696F7211E0BB6DB0060CA38 /* PBXTargetDependency */,
			);
			name = Tests;
			productName = Tests;
			productReference = 2696F71A1E0BB6DB0060CA38 /* Tests.xctest */;
			productType = "com.apple.product-type.bundle.unit-test";
		};
/* End PBXNativeTarget section */

/* Begin PBXProject section */
		268E0E071E0BB55200679A41 /* Project object */ = {
			isa = PBXProject;
			attributes = {
				LastSwiftUpdateCheck = 0820;
				LastUpgradeCheck = 0820;
				ORGANIZATIONNAME = waft;
				TargetAttributes = {
					268E0E0F1E0BB55200679A41 = {
						CreatedOnToolsVersion = 8.2;
						DevelopmentTeam = G73SPYZ3Q7;
						LastSwiftMigration = 0820;
						ProvisioningStyle = Automatic;
					};
					2696F7191E0BB6DB0060CA38 = {
						CreatedOnToolsVersion = 8.2;
						DevelopmentTeam = G73SPYZ3Q7;
						ProvisioningStyle = Automatic;
					};
				};
			};
			buildConfigurationList = 268E0E0A1E0BB55200679A41 /* Build configuration list for PBXProject "SwiftOptic" */;
			compatibilityVersion = "Xcode 3.2";
			developmentRegion = English;
			hasScannedForEncodings = 0;
			knownRegions = (
				en,
			);
			mainGroup = 268E0E061E0BB55200679A41;
			productRefGroup = 268E0E111E0BB55200679A41 /* Products */;
			projectDirPath = "";
			projectRoot = "";
			targets = (
				268E0E0F1E0BB55200679A41 /* SwiftOptic */,
				2696F7191E0BB6DB0060CA38 /* Tests */,
			);
		};
/* End PBXProject section */

/* Begin PBXResourcesBuildPhase section */
		268E0E0E1E0BB55200679A41 /* Resources */ = {
			isa = PBXResourcesBuildPhase;
			buildActionMask = 2147483647;
			files = (
			);
			runOnlyForDeploymentPostprocessing = 0;
		};
		2696F7181E0BB6DB0060CA38 /* Resources */ = {
			isa = PBXResourcesBuildPhase;
			buildActionMask = 2147483647;
			files = (
			);
			runOnlyForDeploymentPostprocessing = 0;
		};
/* End PBXResourcesBuildPhase section */

/* Begin PBXSourcesBuildPhase section */
		268E0E0B1E0BB55200679A41 /* Sources */ = {
			isa = PBXSourcesBuildPhase;
			buildActionMask = 2147483647;
			files = (
				2696F7261E0BB6F70060CA38 /* Iso.swift in Sources */,
			);
			runOnlyForDeploymentPostprocessing = 0;
		};
		2696F7161E0BB6DB0060CA38 /* Sources */ = {
			isa = PBXSourcesBuildPhase;
			buildActionMask = 2147483647;
			files = (
				2696F71D1E0BB6DB0060CA38 /* Tests.swift in Sources */,
			);
			runOnlyForDeploymentPostprocessing = 0;
		};
/* End PBXSourcesBuildPhase section */

/* Begin PBXTargetDependency section */
		2696F7211E0BB6DB0060CA38 /* PBXTargetDependency */ = {
			isa = PBXTargetDependency;
			target = 268E0E0F1E0BB55200679A41 /* SwiftOptic */;
			targetProxy = 2696F7201E0BB6DB0060CA38 /* PBXContainerItemProxy */;
		};
/* End PBXTargetDependency section */

/* Begin XCBuildConfiguration section */
		268E0E161E0BB55200679A41 /* Debug */ = {
			isa = XCBuildConfiguration;
			buildSettings = {
				ALWAYS_SEARCH_USER_PATHS = NO;
				CLANG_ANALYZER_NONNULL = YES;
				CLANG_CXX_LANGUAGE_STANDARD = "gnu++0x";
				CLANG_CXX_LIBRARY = "libc++";
				CLANG_ENABLE_MODULES = YES;
				CLANG_ENABLE_OBJC_ARC = YES;
				CLANG_WARN_BOOL_CONVERSION = YES;
				CLANG_WARN_CONSTANT_CONVERSION = YES;
				CLANG_WARN_DIRECT_OBJC_ISA_USAGE = YES_ERROR;
				CLANG_WARN_DOCUMENTATION_COMMENTS = YES;
				CLANG_WARN_EMPTY_BODY = YES;
				CLANG_WARN_ENUM_CONVERSION = YES;
				CLANG_WARN_INFINITE_RECURSION = YES;
				CLANG_WARN_INT_CONVERSION = YES;
				CLANG_WARN_OBJC_ROOT_CLASS = YES_ERROR;
				CLANG_WARN_SUSPICIOUS_MOVE = YES;
				CLANG_WARN_UNREACHABLE_CODE = YES;
				CLANG_WARN__DUPLICATE_METHOD_MATCH = YES;
				"CODE_SIGN_IDENTITY[sdk=iphoneos*]" = "iPhone Developer";
				COPY_PHASE_STRIP = NO;
				CURRENT_PROJECT_VERSION = 1;
				DEBUG_INFORMATION_FORMAT = dwarf;
				ENABLE_STRICT_OBJC_MSGSEND = YES;
				ENABLE_TESTABILITY = YES;
				GCC_C_LANGUAGE_STANDARD = gnu99;
				GCC_DYNAMIC_NO_PIC = NO;
				GCC_NO_COMMON_BLOCKS = YES;
				GCC_OPTIMIZATION_LEVEL = 0;
				GCC_PREPROCESSOR_DEFINITIONS = (
					"DEBUG=1",
					"$(inherited)",
				);
				GCC_WARN_64_TO_32_BIT_CONVERSION = YES;
				GCC_WARN_ABOUT_RETURN_TYPE = YES_ERROR;
				GCC_WARN_UNDECLARED_SELECTOR = YES;
				GCC_WARN_UNINITIALIZED_AUTOS = YES_AGGRESSIVE;
				GCC_WARN_UNUSED_FUNCTION = YES;
				GCC_WARN_UNUSED_VARIABLE = YES;
				IPHONEOS_DEPLOYMENT_TARGET = 10.2;
				MTL_ENABLE_DEBUG_INFO = YES;
				ONLY_ACTIVE_ARCH = YES;
				SDKROOT = iphoneos;
				SWIFT_ACTIVE_COMPILATION_CONDITIONS = DEBUG;
				SWIFT_OPTIMIZATION_LEVEL = "-Onone";
				TARGETED_DEVICE_FAMILY = "1,2";
				VERSIONING_SYSTEM = "apple-generic";
				VERSION_INFO_PREFIX = "";
			};
			name = Debug;
		};
		268E0E171E0BB55200679A41 /* Release */ = {
			isa = XCBuildConfiguration;
			buildSettings = {
				ALWAYS_SEARCH_USER_PATHS = NO;
				CLANG_ANALYZER_NONNULL = YES;
				CLANG_CXX_LANGUAGE_STANDARD = "gnu++0x";
				CLANG_CXX_LIBRARY = "libc++";
				CLANG_ENABLE_MODULES = YES;
				CLANG_ENABLE_OBJC_ARC = YES;
				CLANG_WARN_BOOL_CONVERSION = YES;
				CLANG_WARN_CONSTANT_CONVERSION = YES;
				CLANG_WARN_DIRECT_OBJC_ISA_USAGE = YES_ERROR;
				CLANG_WARN_DOCUMENTATION_COMMENTS = YES;
				CLANG_WARN_EMPTY_BODY = YES;
				CLANG_WARN_ENUM_CONVERSION = YES;
				CLANG_WARN_INFINITE_RECURSION = YES;
				CLANG_WARN_INT_CONVERSION = YES;
				CLANG_WARN_OBJC_ROOT_CLASS = YES_ERROR;
				CLANG_WARN_SUSPICIOUS_MOVE = YES;
				CLANG_WARN_UNREACHABLE_CODE = YES;
				CLANG_WARN__DUPLICATE_METHOD_MATCH = YES;
				"CODE_SIGN_IDENTITY[sdk=iphoneos*]" = "iPhone Developer";
				COPY_PHASE_STRIP = NO;
				CURRENT_PROJECT_VERSION = 1;
				DEBUG_INFORMATION_FORMAT = "dwarf-with-dsym";
				ENABLE_NS_ASSERTIONS = NO;
				ENABLE_STRICT_OBJC_MSGSEND = YES;
				GCC_C_LANGUAGE_STANDARD = gnu99;
				GCC_NO_COMMON_BLOCKS = YES;
				GCC_WARN_64_TO_32_BIT_CONVERSION = YES;
				GCC_WARN_ABOUT_RETURN_TYPE = YES_ERROR;
				GCC_WARN_UNDECLARED_SELECTOR = YES;
				GCC_WARN_UNINITIALIZED_AUTOS = YES_AGGRESSIVE;
				GCC_WARN_UNUSED_FUNCTION = YES;
				GCC_WARN_UNUSED_VARIABLE = YES;
				IPHONEOS_DEPLOYMENT_TARGET = 10.2;
				MTL_ENABLE_DEBUG_INFO = NO;
				SDKROOT = iphoneos;
				SWIFT_OPTIMIZATION_LEVEL = "-Owholemodule";
				TARGETED_DEVICE_FAMILY = "1,2";
				VALIDATE_PRODUCT = YES;
				VERSIONING_SYSTEM = "apple-generic";
				VERSION_INFO_PREFIX = "";
			};
			name = Release;
		};
		268E0E191E0BB55200679A41 /* Debug */ = {
			isa = XCBuildConfiguration;
			buildSettings = {
				CLANG_ENABLE_MODULES = YES;
				CODE_SIGN_IDENTITY = "";
				DEFINES_MODULE = YES;
				DEVELOPMENT_TEAM = G73SPYZ3Q7;
				DYLIB_COMPATIBILITY_VERSION = 1;
				DYLIB_CURRENT_VERSION = 1;
				DYLIB_INSTALL_NAME_BASE = "@rpath";
				INFOPLIST_FILE = SwiftOptic/Info.plist;
				INSTALL_PATH = "$(LOCAL_LIBRARY_DIR)/Frameworks";
				LD_RUNPATH_SEARCH_PATHS = "$(inherited) @executable_path/Frameworks @loader_path/Frameworks";
				PRODUCT_BUNDLE_IDENTIFIER = me.waft.SwiftOptic;
				PRODUCT_NAME = "$(TARGET_NAME)";
				SKIP_INSTALL = YES;
				SWIFT_OPTIMIZATION_LEVEL = "-Onone";
				SWIFT_VERSION = 3.0;
			};
			name = Debug;
		};
		268E0E1A1E0BB55200679A41 /* Release */ = {
			isa = XCBuildConfiguration;
			buildSettings = {
				CLANG_ENABLE_MODULES = YES;
				CODE_SIGN_IDENTITY = "";
				DEFINES_MODULE = YES;
				DEVELOPMENT_TEAM = G73SPYZ3Q7;
				DYLIB_COMPATIBILITY_VERSION = 1;
				DYLIB_CURRENT_VERSION = 1;
				DYLIB_INSTALL_NAME_BASE = "@rpath";
				INFOPLIST_FILE = SwiftOptic/Info.plist;
				INSTALL_PATH = "$(LOCAL_LIBRARY_DIR)/Frameworks";
				LD_RUNPATH_SEARCH_PATHS = "$(inherited) @executable_path/Frameworks @loader_path/Frameworks";
				PRODUCT_BUNDLE_IDENTIFIER = me.waft.SwiftOptic;
				PRODUCT_NAME = "$(TARGET_NAME)";
				SKIP_INSTALL = YES;
				SWIFT_VERSION = 3.0;
			};
			name = Release;
		};
		2696F7221E0BB6DB0060CA38 /* Debug */ = {
			isa = XCBuildConfiguration;
			buildSettings = {
				ALWAYS_EMBED_SWIFT_STANDARD_LIBRARIES = YES;
				DEVELOPMENT_TEAM = G73SPYZ3Q7;
				INFOPLIST_FILE = Tests/Info.plist;
				LD_RUNPATH_SEARCH_PATHS = "$(inherited) @executable_path/Frameworks @loader_path/Frameworks";
				PRODUCT_BUNDLE_IDENTIFIER = me.waft.Tests;
				PRODUCT_NAME = "$(TARGET_NAME)";
				SWIFT_VERSION = 3.0;
			};
			name = Debug;
		};
		2696F7231E0BB6DB0060CA38 /* Release */ = {
			isa = XCBuildConfiguration;
			buildSettings = {
				ALWAYS_EMBED_SWIFT_STANDARD_LIBRARIES = YES;
				DEVELOPMENT_TEAM = G73SPYZ3Q7;
				INFOPLIST_FILE = Tests/Info.plist;
				LD_RUNPATH_SEARCH_PATHS = "$(inherited) @executable_path/Frameworks @loader_path/Frameworks";
				PRODUCT_BUNDLE_IDENTIFIER = me.waft.Tests;
				PRODUCT_NAME = "$(TARGET_NAME)";
				SWIFT_VERSION = 3.0;
			};
			name = Release;
		};
/* End XCBuildConfiguration section */

/* Begin XCConfigurationList section */
		268E0E0A1E0BB55200679A41 /* Build configuration list for PBXProject "SwiftOptic" */ = {
			isa = XCConfigurationList;
			buildConfigurations = (
				268E0E161E0BB55200679A41 /* Debug */,
				268E0E171E0BB55200679A41 /* Release */,
			);
			defaultConfigurationIsVisible = 0;
			defaultConfigurationName = Release;
		};
		268E0E181E0BB55200679A41 /* Build configuration list for PBXNativeTarget "SwiftOptic" */ = {
			isa = XCConfigurationList;
			buildConfigurations = (
				268E0E191E0BB55200679A41 /* Debug */,
				268E0E1A1E0BB55200679A41 /* Release */,
			);
			defaultConfigurationIsVisible = 0;
			defaultConfigurationName = Release;
		};
		2696F7241E0BB6DB0060CA38 /* Build configuration list for PBXNativeTarget "Tests" */ = {
			isa = XCConfigurationList;
			buildConfigurations = (
				2696F7221E0BB6DB0060CA38 /* Debug */,
				2696F7231E0BB6DB0060CA38 /* Release */,
			);
			defaultConfigurationIsVisible = 0;
		};
/* End XCConfigurationList section */
	};
	rootObject = 268E0E071E0BB55200679A41 /* Project object */;
}
